
Microsoft Visual Studio Solution File, Format Version 12.00
# Visual Studio Version 17
VisualStudioVersion = 17.0.32014.148
MinimumVisualStudioVersion = 10.0.40219.1
Project("{9A19103F-16F7-4668-BE54-9A1E7A4F7556}") = "ApiTokenBasedAuth", "ApiTokenBasedAuth.csproj", "{23172555-775B-4B5C-984C-D1B2A8ACFB5B}"
EndProject
Project("{FAE04EC0-301F-11D3-BF4B-00C04F79EFBC}") = "Core", "..\Core\Core.csproj", "{25EFD54E-DDBB-444E-B77F-6355EE43AA68}"
EndProject
Project("{FAE04EC0-301F-11D3-BF4B-00C04F79EFBC}") = "Entity", "..\Entity\Entity.csproj", "{1D8CCB29-4064-4CDF-B0C5-50DFAC65C9F5}"
EndProject
Global
	GlobalSection(SolutionConfigurationPlatforms) = preSolution
		Debug|Any CPU = Debug|Any CPU
		Release|Any CPU = Release|Any CPU
	EndGlobalSection
	GlobalSection(ProjectConfigurationPlatforms) = postSolution
		{23172555-775B-4B5C-984C-D1B2A8ACFB5B}.Debug|Any CPU.ActiveCfg = Debug|Any CPU
		{23172555-775B-4B5C-984C-D1B2A8ACFB5B}.Debug|Any CPU.Build.0 = Debug|Any CPU
		{23172555-775B-4B5C-984C-D1B2A8ACFB5B}.Release|Any CPU.ActiveCfg = Release|Any CPU
		{23172555-775B-4B5C-984C-D1B2A8ACFB5B}.Release|Any CPU.Build.0 = Release|Any CPU
		{25EFD54E-DDBB-444E-B77F-6355EE43AA68}.Debug|Any CPU.ActiveCfg = Debug|Any CPU
		{25EFD54E-DDBB-444E-B77F-6355EE43AA68}.Debug|Any CPU.Build.0 = Debug|Any CPU
		{25EFD54E-DDBB-444E-B77F-6355EE43AA68}.Release|Any CPU.ActiveCfg = Release|Any CPU
		{25EFD54E-DDBB-444E-B77F-6355EE43AA68}.Release|Any CPU.Build.0 = Release|Any CPU
		{1D8CCB29-4064-4CDF-B0C5-50DFAC65C9F5}.Debug|Any CPU.ActiveCfg = Debug|Any CPU
		{1D8CCB29-4064-4CDF-B0C5-50DFAC65C9F5}.Debug|Any CPU.Build.0 = Debug|Any CPU
		{1D8CCB29-4064-4CDF-B0C5-50DFAC65C9F5}.Release|Any CPU.ActiveCfg = Release|Any CPU
		{1D8CCB29-4064-4CDF-B0C5-50DFAC65C9F5}.Release|Any CPU.Build.0 = Release|Any CPU
	EndGlobalSection
	GlobalSection(SolutionProperties) = preSolution
		HideSolutionNode = FALSE
	EndGlobalSection
	GlobalSection(ExtensibilityGlobals) = postSolution
		SolutionGuid = {A8C330A4-016E-4779-B772-197F5F567CD0}
	EndGlobalSection
EndGlobal
